<?xml version="1.0" encoding="utf-8"?>
<Project ToolsVersion="4.0" xmlns="http://schemas.microsoft.com/developer/msbuild/2003">
  <ItemGroup>
    <Filter Include="win32">
      <UniqueIdentifier>{84a8ebd7-7cf0-47f6-b75e-d441df67da40}</UniqueIdentifier>
    </Filter>
    <Filter Include="resource">
      <UniqueIdentifier>{715254bc-d70b-4ec5-bf29-467dd3ace079}</UniqueIdentifier>
    </Filter>
    <Filter Include="src">
      <UniqueIdentifier>{bb6c862e-70e9-49d9-81b7-3829a6f50471}</UniqueIdentifier>
    </Filter>
  </ItemGroup>
  <ItemGroup>
    <ClCompile Include="main.cpp">
      <Filter>win32</Filter>
    </ClCompile>
    <ClCompile Include="..\Classes\Chapter1.cpp">
      <Filter>src</Filter>
    </ClCompile>
    <ClCompile Include="..\Classes\Chapter1_c1_backgame.cpp">
      <Filter>src</Filter>
    </ClCompile>
    <ClCompile Include="..\Classes\Chapter1_c1_minigame.cpp">
      <Filter>src</Filter>
    </ClCompile>
    <ClCompile Include="..\Classes\Chapter1_c2_backgame.cpp">
      <Filter>src</Filter>
    </ClCompile>
    <ClCompile Include="..\Classes\Chapter1_c2_minigame.cpp">
      <Filter>src</Filter>
    </ClCompile>
    <ClCompile Include="..\Classes\Chapter1_c3_backgame.cpp">
      <Filter>src</Filter>
    </ClCompile>
    <ClCompile Include="..\Classes\Chapter1_c3_minigame.cpp">
      <Filter>src</Filter>
    </ClCompile>
    <ClCompile Include="..\Classes\Chapter2.cpp">
      <Filter>src</Filter>
    </ClCompile>
    <ClCompile Include="..\Classes\Chapter2_c1_backgame.cpp">
      <Filter>src</Filter>
    </ClCompile>
    <ClCompile Include="..\Classes\Chapter2_c1_minigame.cpp">
      <Filter>src</Filter>
    </ClCompile>
    <ClCompile Include="..\Classes\Chapter2_c2_backgame.cpp">
      <Filter>src</Filter>
    </ClCompile>
    <ClCompile Include="..\Classes\Chapter2_c2_minigame.cpp">
      <Filter>src</Filter>
    </ClCompile>
    <ClCompile Include="..\Classes\Chapter2_c3_backgame.cpp">
      <Filter>src</Filter>
    </ClCompile>
    <ClCompile Include="..\Classes\Chapter2_c3_minigame.cpp">
      <Filter>src</Filter>
    </ClCompile>
    <ClCompile Include="..\Classes\Chapter2_c4_backgame.cpp">
      <Filter>src</Filter>
    </ClCompile>
    <ClCompile Include="..\Classes\Chapter2_c4_minigame.cpp">
      <Filter>src</Filter>
    </ClCompile>
    <ClCompile Include="..\Classes\Chapter3.cpp">
      <Filter>src</Filter>
    </ClCompile>
    <ClCompile Include="..\Classes\Chapter3_c1_backgame.cpp">
      <Filter>src</Filter>
    </ClCompile>
    <ClCompile Include="..\Classes\Chapter3_c1_minigame.cpp">
      <Filter>src</Filter>
    </ClCompile>
    <ClCompile Include="..\Classes\Chapter3_c2_backgame.cpp">
      <Filter>src</Filter>
    </ClCompile>
    <ClCompile Include="..\Classes\Chapter3_c2_minigame.cpp">
      <Filter>src</Filter>
    </ClCompile>
    <ClCompile Include="..\Classes\Chapter3_c3_backgame.cpp">
      <Filter>src</Filter>
    </ClCompile>
    <ClCompile Include="..\Classes\Chapter3_c3_minigame.cpp">
      <Filter>src</Filter>
    </ClCompile>
    <ClCompile Include="..\Classes\Chapter3_c4_backgame.cpp">
      <Filter>src</Filter>
    </ClCompile>
    <ClCompile Include="..\Classes\Chapter3_c4_minigame.cpp">
      <Filter>src</Filter>
    </ClCompile>
    <ClCompile Include="..\Classes\Chapter3_c5_backgame.cpp">
      <Filter>src</Filter>
    </ClCompile>
    <ClCompile Include="..\Classes\Chapter3_c5_minigame.cpp">
      <Filter>src</Filter>
    </ClCompile>
    <ClCompile Include="..\Classes\Chapter3_c6_backgame.cpp">
      <Filter>src</Filter>
    </ClCompile>
    <ClCompile Include="..\Classes\Chapter3_c6_minigame.cpp">
      <Filter>src</Filter>
    </ClCompile>
    <ClCompile Include="..\Classes\GameResult.cpp">
      <Filter>src</Filter>
    </ClCompile>
    <ClCompile Include="..\Classes\HelloWorldScene.cpp">
      <Filter>src</Filter>
    </ClCompile>
    <ClCompile Include="..\Classes\Item.cpp">
      <Filter>src</Filter>
    </ClCompile>
    <ClCompile Include="..\Classes\Logo.cpp">
      <Filter>src</Filter>
    </ClCompile>
    <ClCompile Include="..\Classes\MainMenu.cpp">
      <Filter>src</Filter>
    </ClCompile>
    <ClCompile Include="..\Classes\MiniGameManager.cpp">
      <Filter>src</Filter>
    </ClCompile>
    <ClCompile Include="..\Classes\MyCell.cpp">
      <Filter>src</Filter>
    </ClCompile>
    <ClCompile Include="..\Classes\MyContainer.cpp">
      <Filter>src</Filter>
    </ClCompile>
    <ClCompile Include="..\Classes\NoNext.cpp">
      <Filter>src</Filter>
    </ClCompile>
    <ClCompile Include="..\Classes\PauseMenu.cpp">
      <Filter>src</Filter>
    </ClCompile>
    <ClCompile Include="..\Classes\pch.cpp">
      <Filter>src</Filter>
    </ClCompile>
    <ClCompile Include="..\Classes\AppDelegate.cpp">
      <Filter>src</Filter>
    </ClCompile>
    <ClCompile Include="..\Classes\BackGameManager.cpp">
      <Filter>src</Filter>
    </ClCompile>
  </ItemGroup>
  <ItemGroup>
    <ClInclude Include="main.h">
      <Filter>win32</Filter>
    </ClInclude>
    <ClInclude Include="..\Classes\BackGameManager.h">
      <Filter>src</Filter>
    </ClInclude>
    <ClInclude Include="..\Classes\Chapter1.h">
      <Filter>src</Filter>
    </ClInclude>
    <ClInclude Include="..\Classes\Chapter1_c1_backgame.h">
      <Filter>src</Filter>
    </ClInclude>
    <ClInclude Include="..\Classes\Chapter1_c1_minigame.h">
      <Filter>src</Filter>
    </ClInclude>
    <ClInclude Include="..\Classes\Chapter1_c2_backgame.h">
      <Filter>src</Filter>
    </ClInclude>
    <ClInclude Include="..\Classes\Chapter1_c2_minigame.h">
      <Filter>src</Filter>
    </ClInclude>
    <ClInclude Include="..\Classes\Chapter1_c3_backgame.h">
      <Filter>src</Filter>
    </ClInclude>
    <ClInclude Include="..\Classes\Chapter1_c3_minigame.h">
      <Filter>src</Filter>
    </ClInclude>
    <ClInclude Include="..\Classes\Chapter1_Story.h">
      <Filter>src</Filter>
    </ClInclude>
    <ClInclude Include="..\Classes\Chapter1_Story_mini1.h">
      <Filter>src</Filter>
    </ClInclude>
    <ClInclude Include="..\Classes\Chapter1_Story_mini2.h">
      <Filter>src</Filter>
    </ClInclude>
    <ClInclude Include="..\Classes\Chapter1_Story_mini3.h">
      <Filter>src</Filter>
    </ClInclude>
    <ClInclude Include="..\Classes\Chapter2.h">
      <Filter>src</Filter>
    </ClInclude>
    <ClInclude Include="..\Classes\Chapter2_c1_backgame.h">
      <Filter>src</Filter>
    </ClInclude>
    <ClInclude Include="..\Classes\Chapter2_c1_minigame.h">
      <Filter>src</Filter>
    </ClInclude>
    <ClInclude Include="..\Classes\Chapter2_c2_backgame.h">
      <Filter>src</Filter>
    </ClInclude>
    <ClInclude Include="..\Classes\Chapter2_c2_minigame.h">
      <Filter>src</Filter>
    </ClInclude>
    <ClInclude Include="..\Classes\Chapter2_c3_backgame.h">
      <Filter>src</Filter>
    </ClInclude>
    <ClInclude Include="..\Classes\Chapter2_c3_minigame.h">
      <Filter>src</Filter>
    </ClInclude>
    <ClInclude Include="..\Classes\Chapter2_c4_backgame.h">
      <Filter>src</Filter>
    </ClInclude>
    <ClInclude Include="..\Classes\Chapter2_c4_minigame.h">
      <Filter>src</Filter>
    </ClInclude>
    <ClInclude Include="..\Classes\Chapter2_Story_mini1.h">
      <Filter>src</Filter>
    </ClInclude>
    <ClInclude Include="..\Classes\Chapter2_Story_mini2.h">
      <Filter>src</Filter>
    </ClInclude>
    <ClInclude Include="..\Classes\Chapter2_Story_mini3.h">
      <Filter>src</Filter>
    </ClInclude>
    <ClInclude Include="..\Classes\Chapter2_Story_mini4.h">
      <Filter>src</Filter>
    </ClInclude>
    <ClInclude Include="..\Classes\Chapter3.h">
      <Filter>src</Filter>
    </ClInclude>
    <ClInclude Include="..\Classes\Chapter3_c1_backgame.h">
      <Filter>src</Filter>
    </ClInclude>
    <ClInclude Include="..\Classes\Chapter3_c1_minigame.h">
      <Filter>src</Filter>
    </ClInclude>
    <ClInclude Include="..\Classes\Chapter3_c2_backgame.h">
      <Filter>src</Filter>
    </ClInclude>
    <ClInclude Include="..\Classes\Chapter3_c2_minigame.h">
      <Filter>src</Filter>
    </ClInclude>
    <ClInclude Include="..\Classes\Chapter3_c3_backgame.h">
      <Filter>src</Filter>
    </ClInclude>
    <ClInclude Include="..\Classes\Chapter3_c3_minigame.h">
      <Filter>src</Filter>
    </ClInclude>
    <ClInclude Include="..\Classes\Chapter3_c4_backgame.h">
      <Filter>src</Filter>
    </ClInclude>
    <ClInclude Include="..\Classes\Chapter3_c4_minigame.h">
      <Filter>src</Filter>
    </ClInclude>
    <ClInclude Include="..\Classes\Chapter3_c5_backgame.h">
      <Filter>src</Filter>
    </ClInclude>
    <ClInclude Include="..\Classes\Chapter3_c5_minigame.h">
      <Filter>src</Filter>
    </ClInclude>
    <ClInclude Include="..\Classes\Chapter3_c6_backgame.h">
      <Filter>src</Filter>
    </ClInclude>
    <ClInclude Include="..\Classes\Chapter3_c6_minigame.h">
      <Filter>src</Filter>
    </ClInclude>
    <ClInclude Include="..\Classes\Chapter3_Story_mini1.h">
      <Filter>src</Filter>
    </ClInclude>
    <ClInclude Include="..\Classes\Chapter3_Story_mini2.h">
      <Filter>src</Filter>
    </ClInclude>
    <ClInclude Include="..\Classes\Chapter3_Story_mini3.h">
      <Filter>src</Filter>
    </ClInclude>
    <ClInclude Include="..\Classes\Chapter3_Story_mini4.h">
      <Filter>src</Filter>
    </ClInclude>
    <ClInclude Include="..\Classes\Chapter3_Story_mini5.h">
      <Filter>src</Filter>
    </ClInclude>
    <ClInclude Include="..\Classes\Chapter3_Story_mini6.h">
      <Filter>src</Filter>
    </ClInclude>
    <ClInclude Include="..\Classes\ChatWindow.h">
      <Filter>src</Filter>
    </ClInclude>
    <ClInclude Include="..\Classes\GameResult.h">
      <Filter>src</Filter>
    </ClInclude>
    <ClInclude Include="..\Classes\HelloWorldScene.h">
      <Filter>src</Filter>
    </ClInclude>
    <ClInclude Include="..\Classes\inlineFunc.h">
      <Filter>src</Filter>
    </ClInclude>
    <ClInclude Include="..\Classes\Intro.h">
      <Filter>src</Filter>
    </ClInclude>
    <ClInclude Include="..\Classes\Item.h">
      <Filter>src</Filter>
    </ClInclude>
    <ClInclude Include="..\Classes\Logo.h">
      <Filter>src</Filter>
    </ClInclude>
    <ClInclude Include="..\Classes\MainMenu.h">
      <Filter>src</Filter>
    </ClInclude>
    <ClInclude Include="..\Classes\MiniGame.h">
      <Filter>src</Filter>
    </ClInclude>
    <ClInclude Include="..\Classes\MiniGameManager.h">
      <Filter>src</Filter>
    </ClInclude>
    <ClInclude Include="..\Classes\MyCell.h">
      <Filter>src</Filter>
    </ClInclude>
    <ClInclude Include="..\Classes\MyContainer.h">
      <Filter>src</Filter>
    </ClInclude>
    <ClInclude Include="..\Classes\NoNext.h">
      <Filter>src</Filter>
    </ClInclude>
    <ClInclude Include="..\Classes\PauseMenu.h">
      <Filter>src</Filter>
    </ClInclude>
    <ClInclude Include="..\Classes\pch.h">
      <Filter>src</Filter>
    </ClInclude>
    <ClInclude Include="..\Classes\AppDelegate.h">
      <Filter>src</Filter>
    </ClInclude>
    <ClInclude Include="..\Classes\BackGame.h">
      <Filter>src</Filter>
    </ClInclude>
  </ItemGroup>
  <ItemGroup>
    <ResourceCompile Include="game.rc">
      <Filter>resource</Filter>
    </ResourceCompile>
  </ItemGroup>
</Project>